
Microsoft Visual Studio Solution File, Format Version 12.00
# Visual Studio Version 17
VisualStudioVersion = 17.4.33213.308
MinimumVisualStudioVersion = 10.0.40219.1
Project("{FAE04EC0-301F-11D3-BF4B-00C04F79EFBC}") = "Kontoverwaltung", "Kontoverwaltung\Kontoverwaltung.csproj", "{16B6D81C-5676-4762-9F5F-6EC9C1EE725C}"
EndProject
Global
	GlobalSection(SolutionConfigurationPlatforms) = preSolution
		Debug|Any CPU = Debug|Any CPU
		Release|Any CPU = Release|Any CPU
	EndGlobalSection
	GlobalSection(ProjectConfigurationPlatforms) = postSolution
		{16B6D81C-5676-4762-9F5F-6EC9C1EE725C}.Debug|Any CPU.ActiveCfg = Debug|Any CPU
		{16B6D81C-5676-4762-9F5F-6EC9C1EE725C}.Debug|Any CPU.Build.0 = Debug|Any CPU
		{16B6D81C-5676-4762-9F5F-6EC9C1EE725C}.Release|Any CPU.ActiveCfg = Release|Any CPU
		{16B6D81C-5676-4762-9F5F-6EC9C1EE725C}.Release|Any CPU.Build.0 = Release|Any CPU
	EndGlobalSection
	GlobalSection(SolutionProperties) = preSolution
		HideSolutionNode = FALSE
	EndGlobalSection
	GlobalSection(ExtensibilityGlobals) = postSolution
		SolutionGuid = {CE7ECC50-03DE-4753-9B4E-0A5E1CE442A3}
	EndGlobalSection
EndGlobal
